// !$*UTF8*$!
{
	archiveVersion = 1;
	classes = {
	};
	objectVersion = 50;
	objects = {

/* Begin PBXBuildFile section */
		E6CC7B2A224BD6C20098150D /* main.cpp in Sources */ = {isa = PBXBuildFile; fileRef = E6CC7B29224BD6C20098150D /* main.cpp */; };
		E6CC7B32224BF9300098150D /* openedHash.cpp in Sources */ = {isa = PBXBuildFile; fileRef = E6CC7B30224BF9300098150D /* openedHash.cpp */; };
		E6CC7B36224BFAAA0098150D /* closedHash.cpp in Sources */ = {isa = PBXBuildFile; fileRef = E6CC7B34224BFAAA0098150D /* closedHash.cpp */; };
/* End PBXBuildFile section */

/* Begin PBXCopyFilesBuildPhase section */
		E6CC7B24224BD6C20098150D /* CopyFiles */ = {
			isa = PBXCopyFilesBuildPhase;
			buildActionMask = 2147483647;
			dstPath = /usr/share/man/man1/;
			dstSubfolderSpec = 0;
			files = (
			);
			runOnlyForDeploymentPostprocessing = 1;
		};
/* End PBXCopyFilesBuildPhase section */

/* Begin PBXFileReference section */
		E6CC7B26224BD6C20098150D /* ATD_DICTIONARY */ = {isa = PBXFileReference; explicitFileType = "compiled.mach-o.executable"; includeInIndex = 0; path = ATD_DICTIONARY; sourceTree = BUILT_PRODUCTS_DIR; };
		E6CC7B29224BD6C20098150D /* main.cpp */ = {isa = PBXFileReference; lastKnownFileType = sourcecode.cpp.cpp; path = main.cpp; sourceTree = "<group>"; };
		E6CC7B30224BF9300098150D /* openedHash.cpp */ = {isa = PBXFileReference; lastKnownFileType = sourcecode.cpp.cpp; path = openedHash.cpp; sourceTree = "<group>"; };
		E6CC7B31224BF9300098150D /* openedHash.hpp */ = {isa = PBXFileReference; lastKnownFileType = sourcecode.cpp.h; path = openedHash.hpp; sourceTree = "<group>"; };
		E6CC7B33224BF9E40098150D /* constants.h */ = {isa = PBXFileReference; lastKnownFileType = sourcecode.c.h; path = constants.h; sourceTree = "<group>"; };
		E6CC7B34224BFAAA0098150D /* closedHash.cpp */ = {isa = PBXFileReference; lastKnownFileType = sourcecode.cpp.cpp; path = closedHash.cpp; sourceTree = "<group>"; };
		E6CC7B35224BFAAA0098150D /* closedHash.hpp */ = {isa = PBXFileReference; lastKnownFileType = sourcecode.cpp.h; path = closedHash.hpp; sourceTree = "<group>"; };
/* End PBXFileReference section */

/* Begin PBXFrameworksBuildPhase section */
		E6CC7B23224BD6C20098150D /* Frameworks */ = {
			isa = PBXFrameworksBuildPhase;
			buildActionMask = 2147483647;
			files = (
			);
			runOnlyForDeploymentPostprocessing = 0;
		};
/* End PBXFrameworksBuildPhase section */

/* Begin PBXGroup section */
		E6CC7B1D224BD6C20098150D = {
			isa = PBXGroup;
			children = (
				E6CC7B28224BD6C20098150D /* ATD_DICTIONARY */,
				E6CC7B27224BD6C20098150D /* Products */,
			);
			sourceTree = "<group>";
		};
		E6CC7B27224BD6C20098150D /* Products */ = {
			isa = PBXGroup;
			children = (
				E6CC7B26224BD6C20098150D /* ATD_DICTIONARY */,
			);
			name = Products;
			sourceTree = "<group>";
		};
		E6CC7B28224BD6C20098150D /* ATD_DICTIONARY */ = {
			isa = PBXGroup;
			children = (
				E6CC7B29224BD6C20098150D /* main.cpp */,
				E6CC7B34224BFAAA0098150D /* closedHash.cpp */,
				E6CC7B35224BFAAA0098150D /* closedHash.hpp */,
				E6CC7B30224BF9300098150D /* openedHash.cpp */,
				E6CC7B31224BF9300098150D /* openedHash.hpp */,
				E6CC7B33224BF9E40098150D /* constants.h */,
			);
			path = ATD_DICTIONARY;
			sourceTree = "<group>";
		};
/* End PBXGroup section */

/* Begin PBXNativeTarget section */
		E6CC7B25224BD6C20098150D /* ATD_DICTIONARY */ = {
			isa = PBXNativeTarget;
			buildConfigurationList = E6CC7B2D224BD6C20098150D /* Build configuration list for PBXNativeTarget "ATD_DICTIONARY" */;
			buildPhases = (
				E6CC7B22224BD6C20098150D /* Sources */,
				E6CC7B23224BD6C20098150D /* Frameworks */,
				E6CC7B24224BD6C20098150D /* CopyFiles */,
			);
			buildRules = (
			);
			dependencies = (
			);
			name = ATD_DICTIONARY;
			productName = ATD_DICTIONARY;
			productReference = E6CC7B26224BD6C20098150D /* ATD_DICTIONARY */;
			productType = "com.apple.product-type.tool";
		};
/* End PBXNativeTarget section */

/* Begin PBXProject section */
		E6CC7B1E224BD6C20098150D /* Project object */ = {
			isa = PBXProject;
			attributes = {
				LastUpgradeCheck = 1010;
				ORGANIZATIONNAME = Timur;
				TargetAttributes = {
					E6CC7B25224BD6C20098150D = {
						CreatedOnToolsVersion = 10.1;
					};
				};
			};
			buildConfigurationList = E6CC7B21224BD6C20098150D /* Build configuration list for PBXProject "ATD_DICTIONARY" */;
			compatibilityVersion = "Xcode 9.3";
			developmentRegion = en;
			hasScannedForEncodings = 0;
			knownRegions = (
				en,
				Base,
			);
			mainGroup = E6CC7B1D224BD6C20098150D;
			productRefGroup = E6CC7B27224BD6C20098150D /* Products */;
			projectDirPath = "";
			projectRoot = "";
			targets = (
				E6CC7B25224BD6C20098150D /* ATD_DICTIONARY */,
			);
		};
/* End PBXProject section */

/* Begin PBXSourcesBuildPhase section */
		E6CC7B22224BD6C20098150D /* Sources */ = {
			isa = PBXSourcesBuildPhase;
			buildActionMask = 2147483647;
			files = (
				E6CC7B36224BFAAA0098150D /* closedHash.cpp in Sources */,
				E6CC7B32224BF9300098150D /* openedHash.cpp in Sources */,
				E6CC7B2A224BD6C20098150D /* main.cpp in Sources */,
			);
			runOnlyForDeploymentPostprocessing = 0;
		};
/* End PBXSourcesBuildPhase section */

/* Begin XCBuildConfiguration section */
		E6CC7B2B224BD6C20098150D /* Debug */ = {
			isa = XCBuildConfiguration;
			buildSettings = {
				ALWAYS_SEARCH_USER_PATHS = NO;
				CLANG_ANALYZER_NONNULL = YES;
				CLANG_ANALYZER_NUMBER_OBJECT_CONVERSION = YES_AGGRESSIVE;
				CLANG_CXX_LANGUAGE_STANDARD = "gnu++14";
				CLANG_CXX_LIBRARY = "libc++";
				CLANG_ENABLE_MODULES = YES;
				CLANG_ENABLE_OBJC_ARC = YES;
				CLANG_ENABLE_OBJC_WEAK = YES;
				CLANG_WARN_BLOCK_CAPTURE_AUTORELEASING = YES;
				CLANG_WARN_BOOL_CONVERSION = YES;
				CLANG_WARN_COMMA = YES;
				CLANG_WARN_CONSTANT_CONVERSION = YES;
				CLANG_WARN_DEPRECATED_OBJC_IMPLEMENTATIONS = YES;
				CLANG_WARN_DIRECT_OBJC_ISA_USAGE = YES_ERROR;
				CLANG_WARN_DOCUMENTATION_COMMENTS = YES;
				CLANG_WARN_EMPTY_BODY = YES;
				CLANG_WARN_ENUM_CONVERSION = YES;
				CLANG_WARN_INFINITE_RECURSION = YES;
				CLANG_WARN_INT_CONVERSION = YES;
				CLANG_WARN_NON_LITERAL_NULL_CONVERSION = YES;
				CLANG_WARN_OBJC_IMPLICIT_RETAIN_SELF = YES;
				CLANG_WARN_OBJC_LITERAL_CONVERSION = YES;
				CLANG_WARN_OBJC_ROOT_CLASS = YES_ERROR;
				CLANG_WARN_RANGE_LOOP_ANALYSIS = YES;
				CLANG_WARN_STRICT_PROTOTYPES = YES;
				CLANG_WARN_SUSPICIOUS_MOVE = YES;
				CLANG_WARN_UNGUARDED_AVAILABILITY = YES_AGGRESSIVE;
				CLANG_WARN_UNREACHABLE_CODE = YES;
				CLANG_WARN__DUPLICATE_METHOD_MATCH = YES;
				CODE_SIGN_IDENTITY = "Mac Developer";
				COPY_PHASE_STRIP = NO;
				DEBUG_INFORMATION_FORMAT = dwarf;
				ENABLE_STRICT_OBJC_MSGSEND = YES;
				ENABLE_TESTABILITY = YES;
				GCC_C_LANGUAGE_STANDARD = gnu11;
				GCC_DYNAMIC_NO_PIC = NO;
				GCC_NO_COMMON_BLOCKS = YES;
				GCC_OPTIMIZATION_LEVEL = 0;
				GCC_PREPROCESSOR_DEFINITIONS = (
					"DEBUG=1",
					"$(inherited)",
				);
				GCC_WARN_64_TO_32_BIT_CONVERSION = YES;
				GCC_WARN_ABOUT_RETURN_TYPE = YES_ERROR;
				GCC_WARN_UNDECLARED_SELECTOR = YES;
				GCC_WARN_UNINITIALIZED_AUTOS = YES_AGGRESSIVE;
				GCC_WARN_UNUSED_FUNCTION = YES;
				GCC_WARN_UNUSED_VARIABLE = YES;
				MACOSX_DEPLOYMENT_TARGET = 10.14;
				MTL_ENABLE_DEBUG_INFO = INCLUDE_SOURCE;
				MTL_FAST_MATH = YES;
				ONLY_ACTIVE_ARCH = YES;
				SDKROOT = macosx;
			};
			name = Debug;
		};
		E6CC7B2C224BD6C20098150D /* Release */ = {
			isa = XCBuildConfiguration;
			buildSettings = {
				ALWAYS_SEARCH_USER_PATHS = NO;
				CLANG_ANALYZER_NONNULL = YES;
				CLANG_ANALYZER_NUMBER_OBJECT_CONVERSION = YES_AGGRESSIVE;
				CLANG_CXX_LANGUAGE_STANDARD = "gnu++14";
				CLANG_CXX_LIBRARY = "libc++";
				CLANG_ENABLE_MODULES = YES;
				CLANG_ENABLE_OBJC_ARC = YES;
				CLANG_ENABLE_OBJC_WEAK = YES;
				CLANG_WARN_BLOCK_CAPTURE_AUTORELEASING = YES;
				CLANG_WARN_BOOL_CONVERSION = YES;
				CLANG_WARN_COMMA = YES;
				CLANG_WARN_CONSTANT_CONVERSION = YES;
				CLANG_WARN_DEPRECATED_OBJC_IMPLEMENTATIONS = YES;
				CLANG_WARN_DIRECT_OBJC_ISA_USAGE = YES_ERROR;
				CLANG_WARN_DOCUMENTATION_COMMENTS = YES;
				CLANG_WARN_EMPTY_BODY = YES;
				CLANG_WARN_ENUM_CONVERSION = YES;
				CLANG_WARN_INFINITE_RECURSION = YES;
				CLANG_WARN_INT_CONVERSION = YES;
				CLANG_WARN_NON_LITERAL_NULL_CONVERSION = YES;
				CLANG_WARN_OBJC_IMPLICIT_RETAIN_SELF = YES;
				CLANG_WARN_OBJC_LITERAL_CONVERSION = YES;
				CLANG_WARN_OBJC_ROOT_CLASS = YES_ERROR;
				CLANG_WARN_RANGE_LOOP_ANALYSIS = YES;
				CLANG_WARN_STRICT_PROTOTYPES = YES;
				CLANG_WARN_SUSPICIOUS_MOVE = YES;
				CLANG_WARN_UNGUARDED_AVAILABILITY = YES_AGGRESSIVE;
				CLANG_WARN_UNREACHABLE_CODE = YES;
				CLANG_WARN__DUPLICATE_METHOD_MATCH = YES;
				CODE_SIGN_IDENTITY = "Mac Developer";
				COPY_PHASE_STRIP = NO;
				DEBUG_INFORMATION_FORMAT = "dwarf-with-dsym";
				ENABLE_NS_ASSERTIONS = NO;
				ENABLE_STRICT_OBJC_MSGSEND = YES;
				GCC_C_LANGUAGE_STANDARD = gnu11;
				GCC_NO_COMMON_BLOCKS = YES;
				GCC_WARN_64_TO_32_BIT_CONVERSION = YES;
				GCC_WARN_ABOUT_RETURN_TYPE = YES_ERROR;
				GCC_WARN_UNDECLARED_SELECTOR = YES;
				GCC_WARN_UNINITIALIZED_AUTOS = YES_AGGRESSIVE;
				GCC_WARN_UNUSED_FUNCTION = YES;
				GCC_WARN_UNUSED_VARIABLE = YES;
				MACOSX_DEPLOYMENT_TARGET = 10.14;
				MTL_ENABLE_DEBUG_INFO = NO;
				MTL_FAST_MATH = YES;
				SDKROOT = macosx;
			};
			name = Release;
		};
		E6CC7B2E224BD6C20098150D /* Debug */ = {
			isa = XCBuildConfiguration;
			buildSettings = {
				CODE_SIGN_STYLE = Automatic;
				DEVELOPMENT_TEAM = MZXZN8YZ37;
				PRODUCT_NAME = "$(TARGET_NAME)";
			};
			name = Debug;
		};
		E6CC7B2F224BD6C20098150D /* Release */ = {
			isa = XCBuildConfiguration;
			buildSettings = {
				CODE_SIGN_STYLE = Automatic;
				DEVELOPMENT_TEAM = MZXZN8YZ37;
				PRODUCT_NAME = "$(TARGET_NAME)";
			};
			name = Release;
		};
/* End XCBuildConfiguration section */

/* Begin XCConfigurationList section */
		E6CC7B21224BD6C20098150D /* Build configuration list for PBXProject "ATD_DICTIONARY" */ = {
			isa = XCConfigurationList;
			buildConfigurations = (
				E6CC7B2B224BD6C20098150D /* Debug */,
				E6CC7B2C224BD6C20098150D /* Release */,
			);
			defaultConfigurationIsVisible = 0;
			defaultConfigurationName = Release;
		};
		E6CC7B2D224BD6C20098150D /* Build configuration list for PBXNativeTarget "ATD_DICTIONARY" */ = {
			isa = XCConfigurationList;
			buildConfigurations = (
				E6CC7B2E224BD6C20098150D /* Debug */,
				E6CC7B2F224BD6C20098150D /* Release */,
			);
			defaultConfigurationIsVisible = 0;
			defaultConfigurationName = Release;
		};
/* End XCConfigurationList section */
	};
	rootObject = E6CC7B1E224BD6C20098150D /* Project object */;
}
